
Microsoft Visual Studio Solution File, Format Version 12.00
# Visual Studio Version 16
VisualStudioVersion = 16.0.29509.3
MinimumVisualStudioVersion = 10.0.40219.1
Project("{FAE04EC0-301F-11D3-BF4B-00C04F79EFBC}") = "Online Hostel Management System", "Online Hostel Management System.csproj", "{C6950173-BA6A-474B-88CD-CF4BA8DC8373}"
EndProject
Global
	GlobalSection(SolutionConfigurationPlatforms) = preSolution
		Debug|Any CPU = Debug|Any CPU
		Release|Any CPU = Release|Any CPU
	EndGlobalSection
	GlobalSection(ProjectConfigurationPlatforms) = postSolution
		{C6950173-BA6A-474B-88CD-CF4BA8DC8373}.Debug|Any CPU.ActiveCfg = Debug|Any CPU
		{C6950173-BA6A-474B-88CD-CF4BA8DC8373}.Debug|Any CPU.Build.0 = Debug|Any CPU
		{C6950173-BA6A-474B-88CD-CF4BA8DC8373}.Release|Any CPU.ActiveCfg = Release|Any CPU
		{C6950173-BA6A-474B-88CD-CF4BA8DC8373}.Release|Any CPU.Build.0 = Release|Any CPU
	EndGlobalSection
	GlobalSection(SolutionProperties) = preSolution
		HideSolutionNode = FALSE
	EndGlobalSection
	GlobalSection(ExtensibilityGlobals) = postSolution
		SolutionGuid = {037ACEAE-1FCB-4AC1-9B12-022BAE9EE4C5}
	EndGlobalSection
EndGlobal
